
Microsoft Visual Studio Solution File, Format Version 12.00
# Visual Studio 2013
VisualStudioVersion = 12.0.40629.0
MinimumVisualStudioVersion = 10.0.40219.1
Project("{FAE04EC0-301F-11D3-BF4B-00C04F79EFBC}") = "Find2Fuck.Services", "Find2Fuck.Services\Find2Fuck.Services.csproj", "{A2C4EF16-61A4-4C68-9DA9-9DBDDEB3BFD0}"
EndProject
Project("{FAE04EC0-301F-11D3-BF4B-00C04F79EFBC}") = "Find2Fuck.Web", "Find2Fuck.Web\Find2Fuck.Web.csproj", "{C8B266B2-40A1-485B-BD33-2E60695D7FE6}"
EndProject
Project("{FAE04EC0-301F-11D3-BF4B-00C04F79EFBC}") = "Find2Fuck.BL", "Find2Fuck.BL\Find2Fuck.BL.csproj", "{C695DD13-23EC-4871-A406-F65EBAA9C840}"
EndProject
Project("{FAE04EC0-301F-11D3-BF4B-00C04F79EFBC}") = "Find2Fuck.Interfaces", "Find2Fuck.Interfaces\Find2Fuck.Interfaces.csproj", "{61B46671-7E5B-438A-8D3B-FEC1106EA0CA}"
EndProject
Global
	GlobalSection(SolutionConfigurationPlatforms) = preSolution
		Debug|Any CPU = Debug|Any CPU
		Release|Any CPU = Release|Any CPU
	EndGlobalSection
	GlobalSection(ProjectConfigurationPlatforms) = postSolution
		{A2C4EF16-61A4-4C68-9DA9-9DBDDEB3BFD0}.Debug|Any CPU.ActiveCfg = Debug|Any CPU
		{A2C4EF16-61A4-4C68-9DA9-9DBDDEB3BFD0}.Debug|Any CPU.Build.0 = Debug|Any CPU
		{A2C4EF16-61A4-4C68-9DA9-9DBDDEB3BFD0}.Release|Any CPU.ActiveCfg = Release|Any CPU
		{A2C4EF16-61A4-4C68-9DA9-9DBDDEB3BFD0}.Release|Any CPU.Build.0 = Release|Any CPU
		{C8B266B2-40A1-485B-BD33-2E60695D7FE6}.Debug|Any CPU.ActiveCfg = Debug|Any CPU
		{C8B266B2-40A1-485B-BD33-2E60695D7FE6}.Debug|Any CPU.Build.0 = Debug|Any CPU
		{C8B266B2-40A1-485B-BD33-2E60695D7FE6}.Release|Any CPU.ActiveCfg = Release|Any CPU
		{C8B266B2-40A1-485B-BD33-2E60695D7FE6}.Release|Any CPU.Build.0 = Release|Any CPU
		{C695DD13-23EC-4871-A406-F65EBAA9C840}.Debug|Any CPU.ActiveCfg = Debug|Any CPU
		{C695DD13-23EC-4871-A406-F65EBAA9C840}.Debug|Any CPU.Build.0 = Debug|Any CPU
		{C695DD13-23EC-4871-A406-F65EBAA9C840}.Release|Any CPU.ActiveCfg = Release|Any CPU
		{C695DD13-23EC-4871-A406-F65EBAA9C840}.Release|Any CPU.Build.0 = Release|Any CPU
		{61B46671-7E5B-438A-8D3B-FEC1106EA0CA}.Debug|Any CPU.ActiveCfg = Debug|Any CPU
		{61B46671-7E5B-438A-8D3B-FEC1106EA0CA}.Debug|Any CPU.Build.0 = Debug|Any CPU
		{61B46671-7E5B-438A-8D3B-FEC1106EA0CA}.Release|Any CPU.ActiveCfg = Release|Any CPU
		{61B46671-7E5B-438A-8D3B-FEC1106EA0CA}.Release|Any CPU.Build.0 = Release|Any CPU
	EndGlobalSection
	GlobalSection(SolutionProperties) = preSolution
		HideSolutionNode = FALSE
	EndGlobalSection
EndGlobal
